# This file is automatically @generated by Poetry 1.5.1 and should not be changed by hand.

[[package]]
name = "polars"
version = "0.18.6"
description = "Blazingly fast DataFrame library"
optional = false
python-versions = ">=3.8"
files = [
    {file = "polars-0.18.6-cp38-abi3-macosx_10_7_x86_64.whl", hash = "sha256:d54693b643a99386b3f9bd8ef7643ba54355991a29cb3aea25763e92466a7549"},
    {file = "polars-0.18.6-cp38-abi3-macosx_11_0_arm64.whl", hash = "sha256:7031e5e0cea64f22018f2dd7cc46faa62b0b8e642bc79218786a9f4287b48d82"},
    {file = "polars-0.18.6-cp38-abi3-manylinux_2_17_aarch64.manylinux2014_aarch64.whl", hash = "sha256:e62b0554aeea3cf9cb6dbf4e078a5b33571f54940db529b62f4a3bb9116ee0c7"},
    {file = "polars-0.18.6-cp38-abi3-manylinux_2_17_x86_64.manylinux2014_x86_64.whl", hash = "sha256:37c0fe63faaf8af4c1b912a50e257ef041f351593a6a900bef85635b8eb105fe"},
    {file = "polars-0.18.6-cp38-abi3-win_amd64.whl", hash = "sha256:c541a69afa609d815fff526c8f8043c4cccb8c71267bfa68e19c6c0373371514"},
    {file = "polars-0.18.6.tar.gz", hash = "sha256:efb028f328eb04fd2c1c281ba0dbc25053854df608e84ebf62d85be141a085f0"},
]

[package.extras]
adbc = ["adbc_driver_sqlite"]
all = ["polars[adbc,connectorx,deltalake,fsspec,matplotlib,numpy,pandas,pyarrow,pydantic,sqlalchemy,timezone,xlsx2csv,xlsxwriter]"]
connectorx = ["connectorx"]
deltalake = ["deltalake (>=0.10.0)"]
fsspec = ["fsspec"]
matplotlib = ["matplotlib"]
numpy = ["numpy (>=1.16.0)"]
pandas = ["pandas", "pyarrow (>=7.0.0)"]
pyarrow = ["pyarrow (>=7.0.0)"]
pydantic = ["pydantic"]
sqlalchemy = ["pandas", "sqlalchemy"]
timezone = ["backports.zoneinfo", "tzdata"]
xlsx2csv = ["xlsx2csv (>=0.8.0)"]
xlsxwriter = ["xlsxwriter"]

[metadata]
lock-version = "2.0"
python-versions = "^3.10"
content-hash = "821013f47666ce459ba9e8b4d3047f0ef2776bf785e5a3358b92ef0ed17c773a"
